// !$*UTF8*$!
{
	archiveVersion = 1;
	classes = {
	};
	objectVersion = 46;
	objects = {

/* Begin PBXBuildFile section */
		143348E21F4AFEFA00A627BC /* AppDelegate.swift in Sources */ = {isa = PBXBuildFile; fileRef = 143348E11F4AFEFA00A627BC /* AppDelegate.swift */; };
		143348E41F4AFEFA00A627BC /* ViewController.swift in Sources */ = {isa = PBXBuildFile; fileRef = 143348E31F4AFEFA00A627BC /* ViewController.swift */; };
		143348E71F4AFEFA00A627BC /* Main.storyboard in Resources */ = {isa = PBXBuildFile; fileRef = 143348E51F4AFEFA00A627BC /* Main.storyboard */; };
		143348E91F4AFEFA00A627BC /* Assets.xcassets in Resources */ = {isa = PBXBuildFile; fileRef = 143348E81F4AFEFA00A627BC /* Assets.xcassets */; };
		143348EC1F4AFEFA00A627BC /* LaunchScreen.storyboard in Resources */ = {isa = PBXBuildFile; fileRef = 143348EA1F4AFEFA00A627BC /* LaunchScreen.storyboard */; };
		1467404B1F558E92000B5596 /* AIConnection.swift in Sources */ = {isa = PBXBuildFile; fileRef = 1467404A1F558E92000B5596 /* AIConnection.swift */; };
/* End PBXBuildFile section */

/* Begin PBXFileReference section */
		143348DE1F4AFEFA00A627BC /* AIConnection.app */ = {isa = PBXFileReference; explicitFileType = wrapper.application; includeInIndex = 0; path = AIConnection.app; sourceTree = BUILT_PRODUCTS_DIR; };
		143348E11F4AFEFA00A627BC /* AppDelegate.swift */ = {isa = PBXFileReference; lastKnownFileType = sourcecode.swift; path = AppDelegate.swift; sourceTree = "<group>"; };
		143348E31F4AFEFA00A627BC /* ViewController.swift */ = {isa = PBXFileReference; lastKnownFileType = sourcecode.swift; path = ViewController.swift; sourceTree = "<group>"; };
		143348E61F4AFEFA00A627BC /* Base */ = {isa = PBXFileReference; lastKnownFileType = file.storyboard; name = Base; path = Base.lproj/Main.storyboard; sourceTree = "<group>"; };
		143348E81F4AFEFA00A627BC /* Assets.xcassets */ = {isa = PBXFileReference; lastKnownFileType = folder.assetcatalog; path = Assets.xcassets; sourceTree = "<group>"; };
		143348EB1F4AFEFA00A627BC /* Base */ = {isa = PBXFileReference; lastKnownFileType = file.storyboard; name = Base; path = Base.lproj/LaunchScreen.storyboard; sourceTree = "<group>"; };
		143348ED1F4AFEFA00A627BC /* Info.plist */ = {isa = PBXFileReference; lastKnownFileType = text.plist.xml; path = Info.plist; sourceTree = "<group>"; };
		1467404A1F558E92000B5596 /* AIConnection.swift */ = {isa = PBXFileReference; fileEncoding = 4; lastKnownFileType = sourcecode.swift; path = AIConnection.swift; sourceTree = "<group>"; };
/* End PBXFileReference section */

/* Begin PBXFrameworksBuildPhase section */
		143348DB1F4AFEFA00A627BC /* Frameworks */ = {
			isa = PBXFrameworksBuildPhase;
			buildActionMask = 2147483647;
			files = (
			);
			runOnlyForDeploymentPostprocessing = 0;
		};
/* End PBXFrameworksBuildPhase section */

/* Begin PBXGroup section */
		143348D51F4AFEFA00A627BC = {
			isa = PBXGroup;
			children = (
				143348E01F4AFEFA00A627BC /* AIConnection */,
				143348DF1F4AFEFA00A627BC /* Products */,
			);
			sourceTree = "<group>";
		};
		143348DF1F4AFEFA00A627BC /* Products */ = {
			isa = PBXGroup;
			children = (
				143348DE1F4AFEFA00A627BC /* AIConnection.app */,
			);
			name = Products;
			sourceTree = "<group>";
		};
		143348E01F4AFEFA00A627BC /* AIConnection */ = {
			isa = PBXGroup;
			children = (
				143348E11F4AFEFA00A627BC /* AppDelegate.swift */,
				143348E31F4AFEFA00A627BC /* ViewController.swift */,
				1467404A1F558E92000B5596 /* AIConnection.swift */,
				143348E51F4AFEFA00A627BC /* Main.storyboard */,
				143348E81F4AFEFA00A627BC /* Assets.xcassets */,
				143348EA1F4AFEFA00A627BC /* LaunchScreen.storyboard */,
				143348ED1F4AFEFA00A627BC /* Info.plist */,
			);
			name = AIConnection;
			path = NoInternet;
			sourceTree = "<group>";
		};
/* End PBXGroup section */

/* Begin PBXNativeTarget section */
		143348DD1F4AFEFA00A627BC /* AIConnection */ = {
			isa = PBXNativeTarget;
			buildConfigurationList = 143348F01F4AFEFA00A627BC /* Build configuration list for PBXNativeTarget "AIConnection" */;
			buildPhases = (
				143348DA1F4AFEFA00A627BC /* Sources */,
				143348DB1F4AFEFA00A627BC /* Frameworks */,
				143348DC1F4AFEFA00A627BC /* Resources */,
			);
			buildRules = (
			);
			dependencies = (
			);
			name = AIConnection;
			productName = NoInternet;
			productReference = 143348DE1F4AFEFA00A627BC /* AIConnection.app */;
			productType = "com.apple.product-type.application";
		};
/* End PBXNativeTarget section */

/* Begin PBXProject section */
		143348D61F4AFEFA00A627BC /* Project object */ = {
			isa = PBXProject;
			attributes = {
				LastSwiftUpdateCheck = 0830;
				LastUpgradeCheck = 0830;
				ORGANIZATIONNAME = "Imran Malik";
				TargetAttributes = {
					143348DD1F4AFEFA00A627BC = {
						CreatedOnToolsVersion = 8.3.2;
						DevelopmentTeam = LQSB8VPR8N;
						ProvisioningStyle = Automatic;
					};
				};
			};
			buildConfigurationList = 143348D91F4AFEFA00A627BC /* Build configuration list for PBXProject "AIConnection" */;
			compatibilityVersion = "Xcode 3.2";
			developmentRegion = English;
			hasScannedForEncodings = 0;
			knownRegions = (
				en,
				Base,
			);
			mainGroup = 143348D51F4AFEFA00A627BC;
			productRefGroup = 143348DF1F4AFEFA00A627BC /* Products */;
			projectDirPath = "";
			projectRoot = "";
			targets = (
				143348DD1F4AFEFA00A627BC /* AIConnection */,
			);
		};
/* End PBXProject section */

/* Begin PBXResourcesBuildPhase section */
		143348DC1F4AFEFA00A627BC /* Resources */ = {
			isa = PBXResourcesBuildPhase;
			buildActionMask = 2147483647;
			files = (
				143348EC1F4AFEFA00A627BC /* LaunchScreen.storyboard in Resources */,
				143348E91F4AFEFA00A627BC /* Assets.xcassets in Resources */,
				143348E71F4AFEFA00A627BC /* Main.storyboard in Resources */,
			);
			runOnlyForDeploymentPostprocessing = 0;
		};
/* End PBXResourcesBuildPhase section */

/* Begin PBXSourcesBuildPhase section */
		143348DA1F4AFEFA00A627BC /* Sources */ = {
			isa = PBXSourcesBuildPhase;
			buildActionMask = 2147483647;
			files = (
				1467404B1F558E92000B5596 /* AIConnection.swift in Sources */,
				143348E41F4AFEFA00A627BC /* ViewController.swift in Sources */,
				143348E21F4AFEFA00A627BC /* AppDelegate.swift in Sources */,
			);
			runOnlyForDeploymentPostprocessing = 0;
		};
/* End PBXSourcesBuildPhase section */

/* Begin PBXVariantGroup section */
		143348E51F4AFEFA00A627BC /* Main.storyboard */ = {
			isa = PBXVariantGroup;
			children = (
				143348E61F4AFEFA00A627BC /* Base */,
			);
			name = Main.storyboard;
			sourceTree = "<group>";
		};
		143348EA1F4AFEFA00A627BC /* LaunchScreen.storyboard */ = {
			isa = PBXVariantGroup;
			children = (
				143348EB1F4AFEFA00A627BC /* Base */,
			);
			name = LaunchScreen.storyboard;
			sourceTree = "<group>";
		};
/* End PBXVariantGroup section */

/* Begin XCBuildConfiguration section */
		143348EE1F4AFEFA00A627BC /* Debug */ = {
			isa = XCBuildConfiguration;
			buildSettings = {
				ALWAYS_SEARCH_USER_PATHS = NO;
				CLANG_ANALYZER_NONNULL = YES;
				CLANG_ANALYZER_NUMBER_OBJECT_CONVERSION = YES_AGGRESSIVE;
				CLANG_CXX_LANGUAGE_STANDARD = "gnu++0x";
				CLANG_CXX_LIBRARY = "libc++";
				CLANG_ENABLE_MODULES = YES;
				CLANG_ENABLE_OBJC_ARC = YES;
				CLANG_WARN_BOOL_CONVERSION = YES;
				CLANG_WARN_CONSTANT_CONVERSION = YES;
				CLANG_WARN_DIRECT_OBJC_ISA_USAGE = YES_ERROR;
				CLANG_WARN_DOCUMENTATION_COMMENTS = YES;
				CLANG_WARN_EMPTY_BODY = YES;
				CLANG_WARN_ENUM_CONVERSION = YES;
				CLANG_WARN_INFINITE_RECURSION = YES;
				CLANG_WARN_INT_CONVERSION = YES;
				CLANG_WARN_OBJC_ROOT_CLASS = YES_ERROR;
				CLANG_WARN_SUSPICIOUS_MOVE = YES;
				CLANG_WARN_UNREACHABLE_CODE = YES;
				CLANG_WARN__DUPLICATE_METHOD_MATCH = YES;
				"CODE_SIGN_IDENTITY[sdk=iphoneos*]" = "iPhone Developer";
				COPY_PHASE_STRIP = NO;
				DEBUG_INFORMATION_FORMAT = dwarf;
				ENABLE_STRICT_OBJC_MSGSEND = YES;
				ENABLE_TESTABILITY = YES;
				GCC_C_LANGUAGE_STANDARD = gnu99;
				GCC_DYNAMIC_NO_PIC = NO;
				GCC_NO_COMMON_BLOCKS = YES;
				GCC_OPTIMIZATION_LEVEL = 0;
				GCC_PREPROCESSOR_DEFINITIONS = (
					"DEBUG=1",
					"$(inherited)",
				);
				GCC_WARN_64_TO_32_BIT_CONVERSION = YES;
				GCC_WARN_ABOUT_RETURN_TYPE = YES_ERROR;
				GCC_WARN_UNDECLARED_SELECTOR = YES;
				GCC_WARN_UNINITIALIZED_AUTOS = YES_AGGRESSIVE;
				GCC_WARN_UNUSED_FUNCTION = YES;
				GCC_WARN_UNUSED_VARIABLE = YES;
				IPHONEOS_DEPLOYMENT_TARGET = 10.3;
				MTL_ENABLE_DEBUG_INFO = YES;
				ONLY_ACTIVE_ARCH = YES;
				SDKROOT = iphoneos;
				SWIFT_ACTIVE_COMPILATION_CONDITIONS = DEBUG;
				SWIFT_OPTIMIZATION_LEVEL = "-Onone";
				TARGETED_DEVICE_FAMILY = "1,2";
			};
			name = Debug;
		};
		143348EF1F4AFEFA00A627BC /* Release */ = {
			isa = XCBuildConfiguration;
			buildSettings = {
				ALWAYS_SEARCH_USER_PATHS = NO;
				CLANG_ANALYZER_NONNULL = YES;
				CLANG_ANALYZER_NUMBER_OBJECT_CONVERSION = YES_AGGRESSIVE;
				CLANG_CXX_LANGUAGE_STANDARD = "gnu++0x";
				CLANG_CXX_LIBRARY = "libc++";
				CLANG_ENABLE_MODULES = YES;
				CLANG_ENABLE_OBJC_ARC = YES;
				CLANG_WARN_BOOL_CONVERSION = YES;
				CLANG_WARN_CONSTANT_CONVERSION = YES;
				CLANG_WARN_DIRECT_OBJC_ISA_USAGE = YES_ERROR;
				CLANG_WARN_DOCUMENTATION_COMMENTS = YES;
				CLANG_WARN_EMPTY_BODY = YES;
				CLANG_WARN_ENUM_CONVERSION = YES;
				CLANG_WARN_INFINITE_RECURSION = YES;
				CLANG_WARN_INT_CONVERSION = YES;
				CLANG_WARN_OBJC_ROOT_CLASS = YES_ERROR;
				CLANG_WARN_SUSPICIOUS_MOVE = YES;
				CLANG_WARN_UNREACHABLE_CODE = YES;
				CLANG_WARN__DUPLICATE_METHOD_MATCH = YES;
				"CODE_SIGN_IDENTITY[sdk=iphoneos*]" = "iPhone Developer";
				COPY_PHASE_STRIP = NO;
				DEBUG_INFORMATION_FORMAT = "dwarf-with-dsym";
				ENABLE_NS_ASSERTIONS = NO;
				ENABLE_STRICT_OBJC_MSGSEND = YES;
				GCC_C_LANGUAGE_STANDARD = gnu99;
				GCC_NO_COMMON_BLOCKS = YES;
				GCC_WARN_64_TO_32_BIT_CONVERSION = YES;
				GCC_WARN_ABOUT_RETURN_TYPE = YES_ERROR;
				GCC_WARN_UNDECLARED_SELECTOR = YES;
				GCC_WARN_UNINITIALIZED_AUTOS = YES_AGGRESSIVE;
				GCC_WARN_UNUSED_FUNCTION = YES;
				GCC_WARN_UNUSED_VARIABLE = YES;
				IPHONEOS_DEPLOYMENT_TARGET = 10.3;
				MTL_ENABLE_DEBUG_INFO = NO;
				SDKROOT = iphoneos;
				SWIFT_OPTIMIZATION_LEVEL = "-Owholemodule";
				TARGETED_DEVICE_FAMILY = "1,2";
				VALIDATE_PRODUCT = YES;
			};
			name = Release;
		};
		143348F11F4AFEFA00A627BC /* Debug */ = {
			isa = XCBuildConfiguration;
			buildSettings = {
				ASSETCATALOG_COMPILER_APPICON_NAME = AppIcon;
				"CODE_SIGN_IDENTITY[sdk=iphoneos*]" = "iPhone Developer";
				CODE_SIGN_STYLE = Automatic;
				DEVELOPMENT_TEAM = LQSB8VPR8N;
				INFOPLIST_FILE = NoInternet/Info.plist;
				LD_RUNPATH_SEARCH_PATHS = "$(inherited) @executable_path/Frameworks";
				PRODUCT_BUNDLE_IDENTIFIER = com.app.telemedicine;
				PRODUCT_NAME = "$(TARGET_NAME)";
				PROVISIONING_PROFILE = "";
				PROVISIONING_PROFILE_SPECIFIER = "";
				SWIFT_VERSION = 3.0;
			};
			name = Debug;
		};
		143348F21F4AFEFA00A627BC /* Release */ = {
			isa = XCBuildConfiguration;
			buildSettings = {
				ASSETCATALOG_COMPILER_APPICON_NAME = AppIcon;
				"CODE_SIGN_IDENTITY[sdk=iphoneos*]" = "iPhone Developer";
				CODE_SIGN_STYLE = Automatic;
				DEVELOPMENT_TEAM = LQSB8VPR8N;
				INFOPLIST_FILE = NoInternet/Info.plist;
				LD_RUNPATH_SEARCH_PATHS = "$(inherited) @executable_path/Frameworks";
				PRODUCT_BUNDLE_IDENTIFIER = com.app.telemedicine;
				PRODUCT_NAME = "$(TARGET_NAME)";
				PROVISIONING_PROFILE = "";
				PROVISIONING_PROFILE_SPECIFIER = "";
				SWIFT_VERSION = 3.0;
			};
			name = Release;
		};
/* End XCBuildConfiguration section */

/* Begin XCConfigurationList section */
		143348D91F4AFEFA00A627BC /* Build configuration list for PBXProject "AIConnection" */ = {
			isa = XCConfigurationList;
			buildConfigurations = (
				143348EE1F4AFEFA00A627BC /* Debug */,
				143348EF1F4AFEFA00A627BC /* Release */,
			);
			defaultConfigurationIsVisible = 0;
			defaultConfigurationName = Release;
		};
		143348F01F4AFEFA00A627BC /* Build configuration list for PBXNativeTarget "AIConnection" */ = {
			isa = XCConfigurationList;
			buildConfigurations = (
				143348F11F4AFEFA00A627BC /* Debug */,
				143348F21F4AFEFA00A627BC /* Release */,
			);
			defaultConfigurationIsVisible = 0;
			defaultConfigurationName = Release;
		};
/* End XCConfigurationList section */
	};
	rootObject = 143348D61F4AFEFA00A627BC /* Project object */;
}
